
Microsoft Visual Studio Solution File, Format Version 12.00
# Visual Studio Version 17
VisualStudioVersion = 17.4.33122.133
MinimumVisualStudioVersion = 10.0.40219.1
Project("{9A19103F-16F7-4668-BE54-9A1E7A4F7556}") = "Catolog", "Catolog.csproj", "{2BBCF618-03D0-4638-BA4D-93B26F824738}"
EndProject
Global
	GlobalSection(SolutionConfigurationPlatforms) = preSolution
		Debug|Any CPU = Debug|Any CPU
		Release|Any CPU = Release|Any CPU
	EndGlobalSection
	GlobalSection(ProjectConfigurationPlatforms) = postSolution
		{2BBCF618-03D0-4638-BA4D-93B26F824738}.Debug|Any CPU.ActiveCfg = Debug|Any CPU
		{2BBCF618-03D0-4638-BA4D-93B26F824738}.Debug|Any CPU.Build.0 = Debug|Any CPU
		{2BBCF618-03D0-4638-BA4D-93B26F824738}.Release|Any CPU.ActiveCfg = Release|Any CPU
		{2BBCF618-03D0-4638-BA4D-93B26F824738}.Release|Any CPU.Build.0 = Release|Any CPU
	EndGlobalSection
	GlobalSection(SolutionProperties) = preSolution
		HideSolutionNode = FALSE
	EndGlobalSection
	GlobalSection(ExtensibilityGlobals) = postSolution
		SolutionGuid = {88347DA0-2E5E-425F-BFFA-77F3093A8AFB}
	EndGlobalSection
EndGlobal
